
Microsoft Visual Studio Solution File, Format Version 12.00
# Visual Studio Version 17
VisualStudioVersion = 17.0.31912.275
MinimumVisualStudioVersion = 10.0.40219.1
Project("{9A19103F-16F7-4668-BE54-9A1E7A4F7556}") = "BankAPI", "BankAPI\BankAPI.csproj", "{E48F822B-FAD0-46B9-80ED-8C216AC1142E}"
EndProject
Project("{9A19103F-16F7-4668-BE54-9A1E7A4F7556}") = "CrossCuttingConserns", "CrossCuttingConserns\CrossCuttingConserns.csproj", "{E72EFA0D-884E-435E-9F99-CA4DDFD24633}"
EndProject
Project("{FAE04EC0-301F-11D3-BF4B-00C04F79EFBC}") = "Data", "Data\Data.csproj", "{F9749BE7-A25E-4AE8-B9A9-881595C1E47D}"
EndProject
Global
	GlobalSection(SolutionConfigurationPlatforms) = preSolution
		Debug|Any CPU = Debug|Any CPU
		Release|Any CPU = Release|Any CPU
	EndGlobalSection
	GlobalSection(ProjectConfigurationPlatforms) = postSolution
		{E48F822B-FAD0-46B9-80ED-8C216AC1142E}.Debug|Any CPU.ActiveCfg = Debug|Any CPU
		{E48F822B-FAD0-46B9-80ED-8C216AC1142E}.Debug|Any CPU.Build.0 = Debug|Any CPU
		{E48F822B-FAD0-46B9-80ED-8C216AC1142E}.Release|Any CPU.ActiveCfg = Release|Any CPU
		{E48F822B-FAD0-46B9-80ED-8C216AC1142E}.Release|Any CPU.Build.0 = Release|Any CPU
		{E72EFA0D-884E-435E-9F99-CA4DDFD24633}.Debug|Any CPU.ActiveCfg = Debug|Any CPU
		{E72EFA0D-884E-435E-9F99-CA4DDFD24633}.Debug|Any CPU.Build.0 = Debug|Any CPU
		{E72EFA0D-884E-435E-9F99-CA4DDFD24633}.Release|Any CPU.ActiveCfg = Release|Any CPU
		{E72EFA0D-884E-435E-9F99-CA4DDFD24633}.Release|Any CPU.Build.0 = Release|Any CPU
		{F9749BE7-A25E-4AE8-B9A9-881595C1E47D}.Debug|Any CPU.ActiveCfg = Debug|Any CPU
		{F9749BE7-A25E-4AE8-B9A9-881595C1E47D}.Debug|Any CPU.Build.0 = Debug|Any CPU
		{F9749BE7-A25E-4AE8-B9A9-881595C1E47D}.Release|Any CPU.ActiveCfg = Release|Any CPU
		{F9749BE7-A25E-4AE8-B9A9-881595C1E47D}.Release|Any CPU.Build.0 = Release|Any CPU
	EndGlobalSection
	GlobalSection(SolutionProperties) = preSolution
		HideSolutionNode = FALSE
	EndGlobalSection
	GlobalSection(ExtensibilityGlobals) = postSolution
		SolutionGuid = {61890DDD-848E-4326-8C61-5EB30C160A3F}
	EndGlobalSection
EndGlobal
